
Microsoft Visual Studio Solution File, Format Version 12.00
# Visual Studio 2017
Project("{FAE04EC0-301F-11D3-BF4B-00C04F79EFBC}") = "Blazes'N'Lazers3D", "Blazes'N'Lazers3D.csproj", "{401A7825-8C90-165F-075C-40E51F0B689A}"
EndProject
Global
	GlobalSection(SolutionConfigurationPlatforms) = preSolution
		Debug|Any CPU = Debug|Any CPU
		Release|Any CPU = Release|Any CPU
	EndGlobalSection
	GlobalSection(ProjectConfigurationPlatforms) = postSolution
		{401A7825-8C90-165F-075C-40E51F0B689A}.Debug|Any CPU.ActiveCfg = Debug|Any CPU
		{401A7825-8C90-165F-075C-40E51F0B689A}.Debug|Any CPU.Build.0 = Debug|Any CPU
		{401A7825-8C90-165F-075C-40E51F0B689A}.Release|Any CPU.ActiveCfg = Release|Any CPU
		{401A7825-8C90-165F-075C-40E51F0B689A}.Release|Any CPU.Build.0 = Release|Any CPU
	EndGlobalSection
	GlobalSection(SolutionProperties) = preSolution
		HideSolutionNode = FALSE
	EndGlobalSection
EndGlobal
